
Microsoft Visual Studio Solution File, Format Version 12.00
# Visual Studio 15
VisualStudioVersion = 15.0.28010.2048
MinimumVisualStudioVersion = 10.0.40219.1
Project("{FAE04EC0-301F-11D3-BF4B-00C04F79EFBC}") = "vtproje1", "vtproje1\vtproje1.csproj", "{FF8D478D-7086-44D3-A6BE-4142E5950B6C}"
EndProject
Global
	GlobalSection(SolutionConfigurationPlatforms) = preSolution
		Debug|Any CPU = Debug|Any CPU
		Release|Any CPU = Release|Any CPU
	EndGlobalSection
	GlobalSection(ProjectConfigurationPlatforms) = postSolution
		{FF8D478D-7086-44D3-A6BE-4142E5950B6C}.Debug|Any CPU.ActiveCfg = Debug|Any CPU
		{FF8D478D-7086-44D3-A6BE-4142E5950B6C}.Debug|Any CPU.Build.0 = Debug|Any CPU
		{FF8D478D-7086-44D3-A6BE-4142E5950B6C}.Release|Any CPU.ActiveCfg = Release|Any CPU
		{FF8D478D-7086-44D3-A6BE-4142E5950B6C}.Release|Any CPU.Build.0 = Release|Any CPU
	EndGlobalSection
	GlobalSection(SolutionProperties) = preSolution
		HideSolutionNode = FALSE
	EndGlobalSection
	GlobalSection(ExtensibilityGlobals) = postSolution
		SolutionGuid = {E61AE315-F53A-4A5F-9424-DB2432742094}
	EndGlobalSection
EndGlobal
